// !$*UTF8*$!
{
	archiveVersion = 1;
	classes = {
	};
	objectVersion = 48;
	objects = {

/* Begin PBXBuildFile section */
		81A165FA201FE7DA00EE8CA0 /* AppDelegate.swift in Sources */ = {isa = PBXBuildFile; fileRef = 81A165F9201FE7DA00EE8CA0 /* AppDelegate.swift */; };
		81A165FC201FE7DA00EE8CA0 /* LoginVC.swift in Sources */ = {isa = PBXBuildFile; fileRef = 81A165FB201FE7DA00EE8CA0 /* LoginVC.swift */; };
		81A165FF201FE7DA00EE8CA0 /* Main.storyboard in Resources */ = {isa = PBXBuildFile; fileRef = 81A165FD201FE7DA00EE8CA0 /* Main.storyboard */; };
		81A16602201FE7DA00EE8CA0 /* trenddit.xcdatamodeld in Sources */ = {isa = PBXBuildFile; fileRef = 81A16600201FE7DA00EE8CA0 /* trenddit.xcdatamodeld */; };
		81A16604201FE7DA00EE8CA0 /* Assets.xcassets in Resources */ = {isa = PBXBuildFile; fileRef = 81A16603201FE7DA00EE8CA0 /* Assets.xcassets */; };
		81A16607201FE7DA00EE8CA0 /* LaunchScreen.storyboard in Resources */ = {isa = PBXBuildFile; fileRef = 81A16605201FE7DA00EE8CA0 /* LaunchScreen.storyboard */; };
		C4C8B70D202001DC00FD2B3B /* UserClient.swift in Sources */ = {isa = PBXBuildFile; fileRef = C4C8B70C202001DC00FD2B3B /* UserClient.swift */; };
		C4C8B70F2020056500FD2B3B /* ErrorHandleable.swift in Sources */ = {isa = PBXBuildFile; fileRef = C4C8B70E2020056500FD2B3B /* ErrorHandleable.swift */; };
		C4C8B7112020098700FD2B3B /* LoginView.swift in Sources */ = {isa = PBXBuildFile; fileRef = C4C8B7102020098700FD2B3B /* LoginView.swift */; };
		C4DD4F1A2020C7F700C0FBE0 /* Constants.swift in Sources */ = {isa = PBXBuildFile; fileRef = C4C8B7172020434A00FD2B3B /* Constants.swift */; };
		CBA68423399D5995FF565856 /* Pods_trenddit.framework in Frameworks */ = {isa = PBXBuildFile; fileRef = A483F771524432B67E1FA549 /* Pods_trenddit.framework */; };
/* End PBXBuildFile section */

/* Begin PBXFileReference section */
		81A165F6201FE7DA00EE8CA0 /* trenddit.app */ = {isa = PBXFileReference; explicitFileType = wrapper.application; includeInIndex = 0; path = trenddit.app; sourceTree = BUILT_PRODUCTS_DIR; };
		81A165F9201FE7DA00EE8CA0 /* AppDelegate.swift */ = {isa = PBXFileReference; lastKnownFileType = sourcecode.swift; path = AppDelegate.swift; sourceTree = "<group>"; };
		81A165FB201FE7DA00EE8CA0 /* LoginVC.swift */ = {isa = PBXFileReference; lastKnownFileType = sourcecode.swift; path = LoginVC.swift; sourceTree = "<group>"; };
		81A165FE201FE7DA00EE8CA0 /* Base */ = {isa = PBXFileReference; lastKnownFileType = file.storyboard; name = Base; path = Base.lproj/Main.storyboard; sourceTree = "<group>"; };
		81A16601201FE7DA00EE8CA0 /* trenddit.xcdatamodel */ = {isa = PBXFileReference; lastKnownFileType = wrapper.xcdatamodel; path = trenddit.xcdatamodel; sourceTree = "<group>"; };
		81A16603201FE7DA00EE8CA0 /* Assets.xcassets */ = {isa = PBXFileReference; lastKnownFileType = folder.assetcatalog; path = Assets.xcassets; sourceTree = "<group>"; };
		81A16606201FE7DA00EE8CA0 /* Base */ = {isa = PBXFileReference; lastKnownFileType = file.storyboard; name = Base; path = Base.lproj/LaunchScreen.storyboard; sourceTree = "<group>"; };
		81A16608201FE7DA00EE8CA0 /* Info.plist */ = {isa = PBXFileReference; lastKnownFileType = text.plist.xml; path = Info.plist; sourceTree = "<group>"; };
		A483F771524432B67E1FA549 /* Pods_trenddit.framework */ = {isa = PBXFileReference; explicitFileType = wrapper.framework; includeInIndex = 0; path = Pods_trenddit.framework; sourceTree = BUILT_PRODUCTS_DIR; };
		A8233DF17766892C05415FA3 /* Pods-trenddit.debug.xcconfig */ = {isa = PBXFileReference; includeInIndex = 1; lastKnownFileType = text.xcconfig; name = "Pods-trenddit.debug.xcconfig"; path = "Pods/Target Support Files/Pods-trenddit/Pods-trenddit.debug.xcconfig"; sourceTree = "<group>"; };
		C316B0E80377A318D0895EFB /* Pods-trenddit.release.xcconfig */ = {isa = PBXFileReference; includeInIndex = 1; lastKnownFileType = text.xcconfig; name = "Pods-trenddit.release.xcconfig"; path = "Pods/Target Support Files/Pods-trenddit/Pods-trenddit.release.xcconfig"; sourceTree = "<group>"; };
		C4C8B70C202001DC00FD2B3B /* UserClient.swift */ = {isa = PBXFileReference; lastKnownFileType = sourcecode.swift; path = UserClient.swift; sourceTree = "<group>"; };
		C4C8B70E2020056500FD2B3B /* ErrorHandleable.swift */ = {isa = PBXFileReference; lastKnownFileType = sourcecode.swift; path = ErrorHandleable.swift; sourceTree = "<group>"; };
		C4C8B7102020098700FD2B3B /* LoginView.swift */ = {isa = PBXFileReference; lastKnownFileType = sourcecode.swift; path = LoginView.swift; sourceTree = "<group>"; };
		C4C8B7172020434A00FD2B3B /* Constants.swift */ = {isa = PBXFileReference; lastKnownFileType = sourcecode.swift; path = Constants.swift; sourceTree = "<group>"; };
/* End PBXFileReference section */

/* Begin PBXFrameworksBuildPhase section */
		81A165F3201FE7DA00EE8CA0 /* Frameworks */ = {
			isa = PBXFrameworksBuildPhase;
			buildActionMask = 2147483647;
			files = (
				CBA68423399D5995FF565856 /* Pods_trenddit.framework in Frameworks */,
			);
			runOnlyForDeploymentPostprocessing = 0;
		};
/* End PBXFrameworksBuildPhase section */

/* Begin PBXGroup section */
		672463CCB9FCBFE9FD268D21 /* Pods */ = {
			isa = PBXGroup;
			children = (
				A8233DF17766892C05415FA3 /* Pods-trenddit.debug.xcconfig */,
				C316B0E80377A318D0895EFB /* Pods-trenddit.release.xcconfig */,
			);
			name = Pods;
			sourceTree = "<group>";
		};
		81A165ED201FE7DA00EE8CA0 = {
			isa = PBXGroup;
			children = (
				81A165F8201FE7DA00EE8CA0 /* trenddit */,
				81A165F7201FE7DA00EE8CA0 /* Products */,
				672463CCB9FCBFE9FD268D21 /* Pods */,
				871E6FCCC362CDD8737BF344 /* Frameworks */,
			);
			sourceTree = "<group>";
		};
		81A165F7201FE7DA00EE8CA0 /* Products */ = {
			isa = PBXGroup;
			children = (
				81A165F6201FE7DA00EE8CA0 /* trenddit.app */,
			);
			name = Products;
			sourceTree = "<group>";
		};
		81A165F8201FE7DA00EE8CA0 /* trenddit */ = {
			isa = PBXGroup;
			children = (
				81A165F9201FE7DA00EE8CA0 /* AppDelegate.swift */,
				C4C8B71A202043A500FD2B3B /* Models */,
				C4C8B7192020437700FD2B3B /* Services */,
				C4C8B7152020434100FD2B3B /* Controllers */,
				C4C8B7182020436D00FD2B3B /* Views */,
				C4C8B7162020434A00FD2B3B /* Supporting Files */,
				81A165FD201FE7DA00EE8CA0 /* Main.storyboard */,
				81A16603201FE7DA00EE8CA0 /* Assets.xcassets */,
				81A16605201FE7DA00EE8CA0 /* LaunchScreen.storyboard */,
				81A16608201FE7DA00EE8CA0 /* Info.plist */,
				81A16600201FE7DA00EE8CA0 /* trenddit.xcdatamodeld */,
			);
			path = trenddit;
			sourceTree = "<group>";
		};
		871E6FCCC362CDD8737BF344 /* Frameworks */ = {
			isa = PBXGroup;
			children = (
				A483F771524432B67E1FA549 /* Pods_trenddit.framework */,
			);
			name = Frameworks;
			sourceTree = "<group>";
		};
		C4C8B7142020374A00FD2B3B /* Authentification */ = {
			isa = PBXGroup;
			children = (
				C4C8B70C202001DC00FD2B3B /* UserClient.swift */,
				C4C8B70E2020056500FD2B3B /* ErrorHandleable.swift */,
			);
			path = Authentification;
			sourceTree = "<group>";
		};
		C4C8B7152020434100FD2B3B /* Controllers */ = {
			isa = PBXGroup;
			children = (
				81A165FB201FE7DA00EE8CA0 /* LoginVC.swift */,
			);
			path = Controllers;
			sourceTree = "<group>";
		};
		C4C8B7162020434A00FD2B3B /* Supporting Files */ = {
			isa = PBXGroup;
			children = (
				C4C8B7172020434A00FD2B3B /* Constants.swift */,
			);
			path = "Supporting Files";
			sourceTree = "<group>";
		};
		C4C8B7182020436D00FD2B3B /* Views */ = {
			isa = PBXGroup;
			children = (
				C4C8B7102020098700FD2B3B /* LoginView.swift */,
			);
			path = Views;
			sourceTree = "<group>";
		};
		C4C8B7192020437700FD2B3B /* Services */ = {
			isa = PBXGroup;
			children = (
				C4C8B7142020374A00FD2B3B /* Authentification */,
			);
			path = Services;
			sourceTree = "<group>";
		};
		C4C8B71A202043A500FD2B3B /* Models */ = {
			isa = PBXGroup;
			children = (
			);
			path = Models;
			sourceTree = "<group>";
		};
/* End PBXGroup section */

/* Begin PBXNativeTarget section */
		81A165F5201FE7DA00EE8CA0 /* trenddit */ = {
			isa = PBXNativeTarget;
			buildConfigurationList = 81A1660B201FE7DA00EE8CA0 /* Build configuration list for PBXNativeTarget "trenddit" */;
			buildPhases = (
				46019511058262990271F00F /* [CP] Check Pods Manifest.lock */,
				81A165F2201FE7DA00EE8CA0 /* Sources */,
				81A165F3201FE7DA00EE8CA0 /* Frameworks */,
				81A165F4201FE7DA00EE8CA0 /* Resources */,
				5016D762FAFD4D56A1BC7F5E /* [CP] Embed Pods Frameworks */,
				42CC80069A0062D691A3C27A /* [CP] Copy Pods Resources */,
			);
			buildRules = (
			);
			dependencies = (
			);
			name = trenddit;
			productName = trenddit;
			productReference = 81A165F6201FE7DA00EE8CA0 /* trenddit.app */;
			productType = "com.apple.product-type.application";
		};
/* End PBXNativeTarget section */

/* Begin PBXProject section */
		81A165EE201FE7DA00EE8CA0 /* Project object */ = {
			isa = PBXProject;
			attributes = {
				LastSwiftUpdateCheck = 0900;
				LastUpgradeCheck = 0900;
				ORGANIZATIONNAME = C4Q;
				TargetAttributes = {
					81A165F5201FE7DA00EE8CA0 = {
						CreatedOnToolsVersion = 9.0.1;
						ProvisioningStyle = Automatic;
					};
				};
			};
			buildConfigurationList = 81A165F1201FE7DA00EE8CA0 /* Build configuration list for PBXProject "trenddit" */;
			compatibilityVersion = "Xcode 8.0";
			developmentRegion = en;
			hasScannedForEncodings = 0;
			knownRegions = (
				en,
				Base,
			);
			mainGroup = 81A165ED201FE7DA00EE8CA0;
			productRefGroup = 81A165F7201FE7DA00EE8CA0 /* Products */;
			projectDirPath = "";
			projectRoot = "";
			targets = (
				81A165F5201FE7DA00EE8CA0 /* trenddit */,
			);
		};
/* End PBXProject section */

/* Begin PBXResourcesBuildPhase section */
		81A165F4201FE7DA00EE8CA0 /* Resources */ = {
			isa = PBXResourcesBuildPhase;
			buildActionMask = 2147483647;
			files = (
				81A16607201FE7DA00EE8CA0 /* LaunchScreen.storyboard in Resources */,
				81A16604201FE7DA00EE8CA0 /* Assets.xcassets in Resources */,
				81A165FF201FE7DA00EE8CA0 /* Main.storyboard in Resources */,
			);
			runOnlyForDeploymentPostprocessing = 0;
		};
/* End PBXResourcesBuildPhase section */

/* Begin PBXShellScriptBuildPhase section */
		42CC80069A0062D691A3C27A /* [CP] Copy Pods Resources */ = {
			isa = PBXShellScriptBuildPhase;
			buildActionMask = 2147483647;
			files = (
			);
			inputPaths = (
			);
			name = "[CP] Copy Pods Resources";
			outputPaths = (
			);
			runOnlyForDeploymentPostprocessing = 0;
			shellPath = /bin/sh;
			shellScript = "\"${SRCROOT}/Pods/Target Support Files/Pods-trenddit/Pods-trenddit-resources.sh\"\n";
			showEnvVarsInLog = 0;
		};
		46019511058262990271F00F /* [CP] Check Pods Manifest.lock */ = {
			isa = PBXShellScriptBuildPhase;
			buildActionMask = 2147483647;
			files = (
			);
			inputPaths = (
				"${PODS_PODFILE_DIR_PATH}/Podfile.lock",
				"${PODS_ROOT}/Manifest.lock",
			);
			name = "[CP] Check Pods Manifest.lock";
			outputPaths = (
				"$(DERIVED_FILE_DIR)/Pods-trenddit-checkManifestLockResult.txt",
			);
			runOnlyForDeploymentPostprocessing = 0;
			shellPath = /bin/sh;
			shellScript = "diff \"${PODS_PODFILE_DIR_PATH}/Podfile.lock\" \"${PODS_ROOT}/Manifest.lock\" > /dev/null\nif [ $? != 0 ] ; then\n    # print error to STDERR\n    echo \"error: The sandbox is not in sync with the Podfile.lock. Run 'pod install' or update your CocoaPods installation.\" >&2\n    exit 1\nfi\n# This output is used by Xcode 'outputs' to avoid re-running this script phase.\necho \"SUCCESS\" > \"${SCRIPT_OUTPUT_FILE_0}\"\n";
			showEnvVarsInLog = 0;
		};
		5016D762FAFD4D56A1BC7F5E /* [CP] Embed Pods Frameworks */ = {
			isa = PBXShellScriptBuildPhase;
			buildActionMask = 2147483647;
			files = (
			);
			inputPaths = (
				"${SRCROOT}/Pods/Target Support Files/Pods-trenddit/Pods-trenddit-frameworks.sh",
				"${BUILT_PRODUCTS_DIR}/GTMSessionFetcher/GTMSessionFetcher.framework",
				"${BUILT_PRODUCTS_DIR}/GoogleToolboxForMac/GoogleToolboxForMac.framework",
				"${BUILT_PRODUCTS_DIR}/Kingfisher/Kingfisher.framework",
				"${BUILT_PRODUCTS_DIR}/SnapKit/SnapKit.framework",
				"${BUILT_PRODUCTS_DIR}/leveldb-library/leveldb.framework",
				"${BUILT_PRODUCTS_DIR}/nanopb/nanopb.framework",
			);
			name = "[CP] Embed Pods Frameworks";
			outputPaths = (
				"${TARGET_BUILD_DIR}/${FRAMEWORKS_FOLDER_PATH}/GTMSessionFetcher.framework",
				"${TARGET_BUILD_DIR}/${FRAMEWORKS_FOLDER_PATH}/GoogleToolboxForMac.framework",
				"${TARGET_BUILD_DIR}/${FRAMEWORKS_FOLDER_PATH}/Kingfisher.framework",
				"${TARGET_BUILD_DIR}/${FRAMEWORKS_FOLDER_PATH}/SnapKit.framework",
				"${TARGET_BUILD_DIR}/${FRAMEWORKS_FOLDER_PATH}/leveldb.framework",
				"${TARGET_BUILD_DIR}/${FRAMEWORKS_FOLDER_PATH}/nanopb.framework",
			);
			runOnlyForDeploymentPostprocessing = 0;
			shellPath = /bin/sh;
			shellScript = "\"${SRCROOT}/Pods/Target Support Files/Pods-trenddit/Pods-trenddit-frameworks.sh\"\n";
			showEnvVarsInLog = 0;
		};
/* End PBXShellScriptBuildPhase section */

/* Begin PBXSourcesBuildPhase section */
		81A165F2201FE7DA00EE8CA0 /* Sources */ = {
			isa = PBXSourcesBuildPhase;
			buildActionMask = 2147483647;
			files = (
				C4C8B7112020098700FD2B3B /* LoginView.swift in Sources */,
				81A165FC201FE7DA00EE8CA0 /* LoginVC.swift in Sources */,
				C4C8B70D202001DC00FD2B3B /* UserClient.swift in Sources */,
				81A165FA201FE7DA00EE8CA0 /* AppDelegate.swift in Sources */,
				C4DD4F1A2020C7F700C0FBE0 /* Constants.swift in Sources */,
				C4C8B70F2020056500FD2B3B /* ErrorHandleable.swift in Sources */,
				81A16602201FE7DA00EE8CA0 /* trenddit.xcdatamodeld in Sources */,
			);
			runOnlyForDeploymentPostprocessing = 0;
		};
/* End PBXSourcesBuildPhase section */

/* Begin PBXVariantGroup section */
		81A165FD201FE7DA00EE8CA0 /* Main.storyboard */ = {
			isa = PBXVariantGroup;
			children = (
				81A165FE201FE7DA00EE8CA0 /* Base */,
			);
			name = Main.storyboard;
			sourceTree = "<group>";
		};
		81A16605201FE7DA00EE8CA0 /* LaunchScreen.storyboard */ = {
			isa = PBXVariantGroup;
			children = (
				81A16606201FE7DA00EE8CA0 /* Base */,
			);
			name = LaunchScreen.storyboard;
			sourceTree = "<group>";
		};
/* End PBXVariantGroup section */

/* Begin XCBuildConfiguration section */
		81A16609201FE7DA00EE8CA0 /* Debug */ = {
			isa = XCBuildConfiguration;
			buildSettings = {
				ALWAYS_SEARCH_USER_PATHS = NO;
				CLANG_ANALYZER_NONNULL = YES;
				CLANG_ANALYZER_NUMBER_OBJECT_CONVERSION = YES_AGGRESSIVE;
				CLANG_CXX_LANGUAGE_STANDARD = "gnu++14";
				CLANG_CXX_LIBRARY = "libc++";
				CLANG_ENABLE_MODULES = YES;
				CLANG_ENABLE_OBJC_ARC = YES;
				CLANG_WARN_BLOCK_CAPTURE_AUTORELEASING = YES;
				CLANG_WARN_BOOL_CONVERSION = YES;
				CLANG_WARN_COMMA = YES;
				CLANG_WARN_CONSTANT_CONVERSION = YES;
				CLANG_WARN_DIRECT_OBJC_ISA_USAGE = YES_ERROR;
				CLANG_WARN_DOCUMENTATION_COMMENTS = YES;
				CLANG_WARN_EMPTY_BODY = YES;
				CLANG_WARN_ENUM_CONVERSION = YES;
				CLANG_WARN_INFINITE_RECURSION = YES;
				CLANG_WARN_INT_CONVERSION = YES;
				CLANG_WARN_NON_LITERAL_NULL_CONVERSION = YES;
				CLANG_WARN_OBJC_LITERAL_CONVERSION = YES;
				CLANG_WARN_OBJC_ROOT_CLASS = YES_ERROR;
				CLANG_WARN_RANGE_LOOP_ANALYSIS = YES;
				CLANG_WARN_STRICT_PROTOTYPES = YES;
				CLANG_WARN_SUSPICIOUS_MOVE = YES;
				CLANG_WARN_UNGUARDED_AVAILABILITY = YES_AGGRESSIVE;
				CLANG_WARN_UNREACHABLE_CODE = YES;
				CLANG_WARN__DUPLICATE_METHOD_MATCH = YES;
				CODE_SIGN_IDENTITY = "iPhone Developer";
				COPY_PHASE_STRIP = NO;
				DEBUG_INFORMATION_FORMAT = dwarf;
				ENABLE_STRICT_OBJC_MSGSEND = YES;
				ENABLE_TESTABILITY = YES;
				GCC_C_LANGUAGE_STANDARD = gnu11;
				GCC_DYNAMIC_NO_PIC = NO;
				GCC_NO_COMMON_BLOCKS = YES;
				GCC_OPTIMIZATION_LEVEL = 0;
				GCC_PREPROCESSOR_DEFINITIONS = (
					"DEBUG=1",
					"$(inherited)",
				);
				GCC_WARN_64_TO_32_BIT_CONVERSION = YES;
				GCC_WARN_ABOUT_RETURN_TYPE = YES_ERROR;
				GCC_WARN_UNDECLARED_SELECTOR = YES;
				GCC_WARN_UNINITIALIZED_AUTOS = YES_AGGRESSIVE;
				GCC_WARN_UNUSED_FUNCTION = YES;
				GCC_WARN_UNUSED_VARIABLE = YES;
				IPHONEOS_DEPLOYMENT_TARGET = 11.0;
				MTL_ENABLE_DEBUG_INFO = YES;
				ONLY_ACTIVE_ARCH = YES;
				SDKROOT = iphoneos;
				SWIFT_ACTIVE_COMPILATION_CONDITIONS = DEBUG;
				SWIFT_OPTIMIZATION_LEVEL = "-Onone";
			};
			name = Debug;
		};
		81A1660A201FE7DA00EE8CA0 /* Release */ = {
			isa = XCBuildConfiguration;
			buildSettings = {
				ALWAYS_SEARCH_USER_PATHS = NO;
				CLANG_ANALYZER_NONNULL = YES;
				CLANG_ANALYZER_NUMBER_OBJECT_CONVERSION = YES_AGGRESSIVE;
				CLANG_CXX_LANGUAGE_STANDARD = "gnu++14";
				CLANG_CXX_LIBRARY = "libc++";
				CLANG_ENABLE_MODULES = YES;
				CLANG_ENABLE_OBJC_ARC = YES;
				CLANG_WARN_BLOCK_CAPTURE_AUTORELEASING = YES;
				CLANG_WARN_BOOL_CONVERSION = YES;
				CLANG_WARN_COMMA = YES;
				CLANG_WARN_CONSTANT_CONVERSION = YES;
				CLANG_WARN_DIRECT_OBJC_ISA_USAGE = YES_ERROR;
				CLANG_WARN_DOCUMENTATION_COMMENTS = YES;
				CLANG_WARN_EMPTY_BODY = YES;
				CLANG_WARN_ENUM_CONVERSION = YES;
				CLANG_WARN_INFINITE_RECURSION = YES;
				CLANG_WARN_INT_CONVERSION = YES;
				CLANG_WARN_NON_LITERAL_NULL_CONVERSION = YES;
				CLANG_WARN_OBJC_LITERAL_CONVERSION = YES;
				CLANG_WARN_OBJC_ROOT_CLASS = YES_ERROR;
				CLANG_WARN_RANGE_LOOP_ANALYSIS = YES;
				CLANG_WARN_STRICT_PROTOTYPES = YES;
				CLANG_WARN_SUSPICIOUS_MOVE = YES;
				CLANG_WARN_UNGUARDED_AVAILABILITY = YES_AGGRESSIVE;
				CLANG_WARN_UNREACHABLE_CODE = YES;
				CLANG_WARN__DUPLICATE_METHOD_MATCH = YES;
				CODE_SIGN_IDENTITY = "iPhone Developer";
				COPY_PHASE_STRIP = NO;
				DEBUG_INFORMATION_FORMAT = "dwarf-with-dsym";
				ENABLE_NS_ASSERTIONS = NO;
				ENABLE_STRICT_OBJC_MSGSEND = YES;
				GCC_C_LANGUAGE_STANDARD = gnu11;
				GCC_NO_COMMON_BLOCKS = YES;
				GCC_WARN_64_TO_32_BIT_CONVERSION = YES;
				GCC_WARN_ABOUT_RETURN_TYPE = YES_ERROR;
				GCC_WARN_UNDECLARED_SELECTOR = YES;
				GCC_WARN_UNINITIALIZED_AUTOS = YES_AGGRESSIVE;
				GCC_WARN_UNUSED_FUNCTION = YES;
				GCC_WARN_UNUSED_VARIABLE = YES;
				IPHONEOS_DEPLOYMENT_TARGET = 11.0;
				MTL_ENABLE_DEBUG_INFO = NO;
				SDKROOT = iphoneos;
				SWIFT_OPTIMIZATION_LEVEL = "-Owholemodule";
				VALIDATE_PRODUCT = YES;
			};
			name = Release;
		};
		81A1660C201FE7DA00EE8CA0 /* Debug */ = {
			isa = XCBuildConfiguration;
			baseConfigurationReference = A8233DF17766892C05415FA3 /* Pods-trenddit.debug.xcconfig */;
			buildSettings = {
				ASSETCATALOG_COMPILER_APPICON_NAME = AppIcon;
				CODE_SIGN_STYLE = Automatic;
				INFOPLIST_FILE = trenddit/Info.plist;
				LD_RUNPATH_SEARCH_PATHS = "$(inherited) @executable_path/Frameworks";
				PRODUCT_BUNDLE_IDENTIFIER = nyc.c4q.AC4.3.trenddit;
				PRODUCT_NAME = "$(TARGET_NAME)";
				SWIFT_VERSION = 4.0;
				TARGETED_DEVICE_FAMILY = "1,2";
			};
			name = Debug;
		};
		81A1660D201FE7DA00EE8CA0 /* Release */ = {
			isa = XCBuildConfiguration;
			baseConfigurationReference = C316B0E80377A318D0895EFB /* Pods-trenddit.release.xcconfig */;
			buildSettings = {
				ASSETCATALOG_COMPILER_APPICON_NAME = AppIcon;
				CODE_SIGN_STYLE = Automatic;
				INFOPLIST_FILE = trenddit/Info.plist;
				LD_RUNPATH_SEARCH_PATHS = "$(inherited) @executable_path/Frameworks";
				PRODUCT_BUNDLE_IDENTIFIER = nyc.c4q.AC4.3.trenddit;
				PRODUCT_NAME = "$(TARGET_NAME)";
				SWIFT_VERSION = 4.0;
				TARGETED_DEVICE_FAMILY = "1,2";
			};
			name = Release;
		};
/* End XCBuildConfiguration section */

/* Begin XCConfigurationList section */
		81A165F1201FE7DA00EE8CA0 /* Build configuration list for PBXProject "trenddit" */ = {
			isa = XCConfigurationList;
			buildConfigurations = (
				81A16609201FE7DA00EE8CA0 /* Debug */,
				81A1660A201FE7DA00EE8CA0 /* Release */,
			);
			defaultConfigurationIsVisible = 0;
			defaultConfigurationName = Release;
		};
		81A1660B201FE7DA00EE8CA0 /* Build configuration list for PBXNativeTarget "trenddit" */ = {
			isa = XCConfigurationList;
			buildConfigurations = (
				81A1660C201FE7DA00EE8CA0 /* Debug */,
				81A1660D201FE7DA00EE8CA0 /* Release */,
			);
			defaultConfigurationIsVisible = 0;
			defaultConfigurationName = Release;
		};
/* End XCConfigurationList section */

/* Begin XCVersionGroup section */
		81A16600201FE7DA00EE8CA0 /* trenddit.xcdatamodeld */ = {
			isa = XCVersionGroup;
			children = (
				81A16601201FE7DA00EE8CA0 /* trenddit.xcdatamodel */,
			);
			currentVersion = 81A16601201FE7DA00EE8CA0 /* trenddit.xcdatamodel */;
			path = trenddit.xcdatamodeld;
			sourceTree = "<group>";
			versionGroupType = wrapper.xcdatamodel;
		};
/* End XCVersionGroup section */
	};
	rootObject = 81A165EE201FE7DA00EE8CA0 /* Project object */;
}
